
Microsoft Visual Studio Solution File, Format Version 12.00
# Visual Studio 15
VisualStudioVersion = 15.0.28307.705
MinimumVisualStudioVersion = 10.0.40219.1
Project("{9A19103F-16F7-4668-BE54-9A1E7A4F7556}") = "WebApi.Example", "WebApi.Example\WebApi.Example.csproj", "{1977F933-628F-412C-B907-8F8CD5AE06A6}"
EndProject
Project("{FAE04EC0-301F-11D3-BF4B-00C04F79EFBC}") = "WebApi.Example.DependencyInjection", "WebApi.Example.DependencyInjection\WebApi.Example.DependencyInjection.csproj", "{D293544B-E1DE-4F9D-BF50-BAEED1399F7F}"
EndProject
Project("{FAE04EC0-301F-11D3-BF4B-00C04F79EFBC}") = "WebApi.Example.Interface.Repository", "WebApi.Example.Interface.Repository\WebApi.Example.Interface.Repository.csproj", "{69A2EB8C-E85A-4DAB-BDB4-81D3BCE68F4E}"
EndProject
Project("{FAE04EC0-301F-11D3-BF4B-00C04F79EFBC}") = "WebApi.Example.Domain", "WebApi.Example.Domain\WebApi.Example.Domain.csproj", "{AB0F2CC6-DF76-4A89-AF0A-D5AE672C891E}"
EndProject
Project("{FAE04EC0-301F-11D3-BF4B-00C04F79EFBC}") = "WebApi.Example.Repository", "WebApi.Example.Repository\WebApi.Example.Repository.csproj", "{23213D49-D9A7-42DA-8E44-F8E4C158FBCC}"
EndProject
Global
	GlobalSection(SolutionConfigurationPlatforms) = preSolution
		Debug|Any CPU = Debug|Any CPU
		Release|Any CPU = Release|Any CPU
	EndGlobalSection
	GlobalSection(ProjectConfigurationPlatforms) = postSolution
		{1977F933-628F-412C-B907-8F8CD5AE06A6}.Debug|Any CPU.ActiveCfg = Debug|Any CPU
		{1977F933-628F-412C-B907-8F8CD5AE06A6}.Debug|Any CPU.Build.0 = Debug|Any CPU
		{1977F933-628F-412C-B907-8F8CD5AE06A6}.Release|Any CPU.ActiveCfg = Release|Any CPU
		{1977F933-628F-412C-B907-8F8CD5AE06A6}.Release|Any CPU.Build.0 = Release|Any CPU
		{D293544B-E1DE-4F9D-BF50-BAEED1399F7F}.Debug|Any CPU.ActiveCfg = Debug|Any CPU
		{D293544B-E1DE-4F9D-BF50-BAEED1399F7F}.Debug|Any CPU.Build.0 = Debug|Any CPU
		{D293544B-E1DE-4F9D-BF50-BAEED1399F7F}.Release|Any CPU.ActiveCfg = Release|Any CPU
		{D293544B-E1DE-4F9D-BF50-BAEED1399F7F}.Release|Any CPU.Build.0 = Release|Any CPU
		{69A2EB8C-E85A-4DAB-BDB4-81D3BCE68F4E}.Debug|Any CPU.ActiveCfg = Debug|Any CPU
		{69A2EB8C-E85A-4DAB-BDB4-81D3BCE68F4E}.Debug|Any CPU.Build.0 = Debug|Any CPU
		{69A2EB8C-E85A-4DAB-BDB4-81D3BCE68F4E}.Release|Any CPU.ActiveCfg = Release|Any CPU
		{69A2EB8C-E85A-4DAB-BDB4-81D3BCE68F4E}.Release|Any CPU.Build.0 = Release|Any CPU
		{AB0F2CC6-DF76-4A89-AF0A-D5AE672C891E}.Debug|Any CPU.ActiveCfg = Debug|Any CPU
		{AB0F2CC6-DF76-4A89-AF0A-D5AE672C891E}.Debug|Any CPU.Build.0 = Debug|Any CPU
		{AB0F2CC6-DF76-4A89-AF0A-D5AE672C891E}.Release|Any CPU.ActiveCfg = Release|Any CPU
		{AB0F2CC6-DF76-4A89-AF0A-D5AE672C891E}.Release|Any CPU.Build.0 = Release|Any CPU
		{23213D49-D9A7-42DA-8E44-F8E4C158FBCC}.Debug|Any CPU.ActiveCfg = Debug|Any CPU
		{23213D49-D9A7-42DA-8E44-F8E4C158FBCC}.Debug|Any CPU.Build.0 = Debug|Any CPU
		{23213D49-D9A7-42DA-8E44-F8E4C158FBCC}.Release|Any CPU.ActiveCfg = Release|Any CPU
		{23213D49-D9A7-42DA-8E44-F8E4C158FBCC}.Release|Any CPU.Build.0 = Release|Any CPU
	EndGlobalSection
	GlobalSection(SolutionProperties) = preSolution
		HideSolutionNode = FALSE
	EndGlobalSection
	GlobalSection(ExtensibilityGlobals) = postSolution
		SolutionGuid = {536644BB-B811-4A10-A2BA-2193B359F97E}
	EndGlobalSection
EndGlobal
